
Microsoft Visual Studio Solution File, Format Version 12.00
# Visual Studio Version 17
VisualStudioVersion = 17.13.35919.96 d17.13
MinimumVisualStudioVersion = 10.0.40219.1
Project("{FAE04EC0-301F-11D3-BF4B-00C04F79EFBC}") = "Hospital Management", "Hospital Management\Hospital Management.csproj", "{99A3DF45-DC3C-424B-BE06-FE44AE961F2A}"
EndProject
Global
	GlobalSection(SolutionConfigurationPlatforms) = preSolution
		Debug|Any CPU = Debug|Any CPU
		Release|Any CPU = Release|Any CPU
	EndGlobalSection
	GlobalSection(ProjectConfigurationPlatforms) = postSolution
		{99A3DF45-DC3C-424B-BE06-FE44AE961F2A}.Debug|Any CPU.ActiveCfg = Debug|Any CPU
		{99A3DF45-DC3C-424B-BE06-FE44AE961F2A}.Debug|Any CPU.Build.0 = Debug|Any CPU
		{99A3DF45-DC3C-424B-BE06-FE44AE961F2A}.Release|Any CPU.ActiveCfg = Release|Any CPU
		{99A3DF45-DC3C-424B-BE06-FE44AE961F2A}.Release|Any CPU.Build.0 = Release|Any CPU
	EndGlobalSection
	GlobalSection(SolutionProperties) = preSolution
		HideSolutionNode = FALSE
	EndGlobalSection
	GlobalSection(ExtensibilityGlobals) = postSolution
		SolutionGuid = {47A2CEF5-EF44-4A80-8BBE-67034690B2A3}
	EndGlobalSection
EndGlobal
