
Microsoft Visual Studio Solution File, Format Version 12.00
# Visual Studio Version 17
VisualStudioVersion = 17.14.36811.4 d17.14
MinimumVisualStudioVersion = 10.0.40219.1
Project("{FAE04EC0-301F-11D3-BF4B-00C04F79EFBC}") = "TextToCsv", "TextToCsv\TextToCsv.csproj", "{F1DF5B4D-E520-4177-96AB-8C4DA228B81E}"
EndProject
Global
	GlobalSection(SolutionConfigurationPlatforms) = preSolution
		Debug|Any CPU = Debug|Any CPU
		Release|Any CPU = Release|Any CPU
	EndGlobalSection
	GlobalSection(ProjectConfigurationPlatforms) = postSolution
		{F1DF5B4D-E520-4177-96AB-8C4DA228B81E}.Debug|Any CPU.ActiveCfg = Debug|Any CPU
		{F1DF5B4D-E520-4177-96AB-8C4DA228B81E}.Debug|Any CPU.Build.0 = Debug|Any CPU
		{F1DF5B4D-E520-4177-96AB-8C4DA228B81E}.Release|Any CPU.ActiveCfg = Release|Any CPU
		{F1DF5B4D-E520-4177-96AB-8C4DA228B81E}.Release|Any CPU.Build.0 = Release|Any CPU
	EndGlobalSection
	GlobalSection(SolutionProperties) = preSolution
		HideSolutionNode = FALSE
	EndGlobalSection
	GlobalSection(ExtensibilityGlobals) = postSolution
		SolutionGuid = {907BCD4D-15B1-4A12-982D-5CE5C2080688}
	EndGlobalSection
EndGlobal
