
Microsoft Visual Studio Solution File, Format Version 12.00
# Visual Studio Version 17
VisualStudioVersion = 17.13.35919.96 d17.13
MinimumVisualStudioVersion = 10.0.40219.1
Project("{FAE04EC0-301F-11D3-BF4B-00C04F79EFBC}") = "Practice3", "Practice3\Practice3.csproj", "{B9280C8C-3F1D-400F-9812-CC8D9927E34D}"
EndProject
Global
	GlobalSection(SolutionConfigurationPlatforms) = preSolution
		Debug|Any CPU = Debug|Any CPU
		Release|Any CPU = Release|Any CPU
	EndGlobalSection
	GlobalSection(ProjectConfigurationPlatforms) = postSolution
		{B9280C8C-3F1D-400F-9812-CC8D9927E34D}.Debug|Any CPU.ActiveCfg = Debug|Any CPU
		{B9280C8C-3F1D-400F-9812-CC8D9927E34D}.Debug|Any CPU.Build.0 = Debug|Any CPU
		{B9280C8C-3F1D-400F-9812-CC8D9927E34D}.Release|Any CPU.ActiveCfg = Release|Any CPU
		{B9280C8C-3F1D-400F-9812-CC8D9927E34D}.Release|Any CPU.Build.0 = Release|Any CPU
	EndGlobalSection
	GlobalSection(SolutionProperties) = preSolution
		HideSolutionNode = FALSE
	EndGlobalSection
	GlobalSection(ExtensibilityGlobals) = postSolution
		SolutionGuid = {7EF7425C-7501-4FF0-9E59-F7B129FBD400}
	EndGlobalSection
EndGlobal
