
Microsoft Visual Studio Solution File, Format Version 12.00
# Visual Studio Version 17
VisualStudioVersion = 17.14.36811.4 d17.14
MinimumVisualStudioVersion = 10.0.40219.1
Project("{FAE04EC0-301F-11D3-BF4B-00C04F79EFBC}") = "Practice2", "Practice2\Practice2.csproj", "{9CDC31AD-2D4A-469B-B595-66ECDA70377E}"
EndProject
Global
	GlobalSection(SolutionConfigurationPlatforms) = preSolution
		Debug|Any CPU = Debug|Any CPU
		Release|Any CPU = Release|Any CPU
	EndGlobalSection
	GlobalSection(ProjectConfigurationPlatforms) = postSolution
		{9CDC31AD-2D4A-469B-B595-66ECDA70377E}.Debug|Any CPU.ActiveCfg = Debug|Any CPU
		{9CDC31AD-2D4A-469B-B595-66ECDA70377E}.Debug|Any CPU.Build.0 = Debug|Any CPU
		{9CDC31AD-2D4A-469B-B595-66ECDA70377E}.Release|Any CPU.ActiveCfg = Release|Any CPU
		{9CDC31AD-2D4A-469B-B595-66ECDA70377E}.Release|Any CPU.Build.0 = Release|Any CPU
	EndGlobalSection
	GlobalSection(SolutionProperties) = preSolution
		HideSolutionNode = FALSE
	EndGlobalSection
	GlobalSection(ExtensibilityGlobals) = postSolution
		SolutionGuid = {9315913F-4655-4846-B6A8-45B928BA1164}
	EndGlobalSection
EndGlobal
