
Microsoft Visual Studio Solution File, Format Version 12.00
# Visual Studio Version 17
VisualStudioVersion = 17.13.35919.96 d17.13
MinimumVisualStudioVersion = 10.0.40219.1
Project("{FAE04EC0-301F-11D3-BF4B-00C04F79EFBC}") = "Banking System", "Banking System\Banking System.csproj", "{51C06682-DB2E-406D-A2A8-857B3E34CCFB}"
EndProject
Global
	GlobalSection(SolutionConfigurationPlatforms) = preSolution
		Debug|Any CPU = Debug|Any CPU
		Release|Any CPU = Release|Any CPU
	EndGlobalSection
	GlobalSection(ProjectConfigurationPlatforms) = postSolution
		{51C06682-DB2E-406D-A2A8-857B3E34CCFB}.Debug|Any CPU.ActiveCfg = Debug|Any CPU
		{51C06682-DB2E-406D-A2A8-857B3E34CCFB}.Debug|Any CPU.Build.0 = Debug|Any CPU
		{51C06682-DB2E-406D-A2A8-857B3E34CCFB}.Release|Any CPU.ActiveCfg = Release|Any CPU
		{51C06682-DB2E-406D-A2A8-857B3E34CCFB}.Release|Any CPU.Build.0 = Release|Any CPU
	EndGlobalSection
	GlobalSection(SolutionProperties) = preSolution
		HideSolutionNode = FALSE
	EndGlobalSection
	GlobalSection(ExtensibilityGlobals) = postSolution
		SolutionGuid = {659246B1-7A27-491C-BB3C-C21672570EE5}
	EndGlobalSection
EndGlobal
