
Microsoft Visual Studio Solution File, Format Version 12.00
# Visual Studio Version 17
VisualStudioVersion = 17.13.35919.96 d17.13
MinimumVisualStudioVersion = 10.0.40219.1
Project("{FAE04EC0-301F-11D3-BF4B-00C04F79EFBC}") = "WebApimanyrelation", "WebApimanyrelation\WebApimanyrelation.csproj", "{46EC869C-48AE-47D9-9C99-05E246880660}"
EndProject
Global
	GlobalSection(SolutionConfigurationPlatforms) = preSolution
		Debug|Any CPU = Debug|Any CPU
		Release|Any CPU = Release|Any CPU
	EndGlobalSection
	GlobalSection(ProjectConfigurationPlatforms) = postSolution
		{46EC869C-48AE-47D9-9C99-05E246880660}.Debug|Any CPU.ActiveCfg = Debug|Any CPU
		{46EC869C-48AE-47D9-9C99-05E246880660}.Debug|Any CPU.Build.0 = Debug|Any CPU
		{46EC869C-48AE-47D9-9C99-05E246880660}.Release|Any CPU.ActiveCfg = Release|Any CPU
		{46EC869C-48AE-47D9-9C99-05E246880660}.Release|Any CPU.Build.0 = Release|Any CPU
	EndGlobalSection
	GlobalSection(SolutionProperties) = preSolution
		HideSolutionNode = FALSE
	EndGlobalSection
	GlobalSection(ExtensibilityGlobals) = postSolution
		SolutionGuid = {C1B40C3F-C1C0-4E21-82D2-4C8C21720EF9}
	EndGlobalSection
EndGlobal
